
Microsoft Visual Studio Solution File, Format Version 12.00
# Visual Studio Version 17
VisualStudioVersion = 17.4.33213.308
MinimumVisualStudioVersion = 10.0.40219.1
Project("{FAE04EC0-301F-11D3-BF4B-00C04F79EFBC}") = "api", "api\api.csproj", "{7491C3D4-22F5-4528-90A0-2414C418610E}"
EndProject
Project("{FAE04EC0-301F-11D3-BF4B-00C04F79EFBC}") = "Domain", "Domain\Domain.csproj", "{F1BA1958-C6BA-4519-95BD-65254B791A7E}"
EndProject
Project("{FAE04EC0-301F-11D3-BF4B-00C04F79EFBC}") = "DataAccess", "DataAccess\DataAccess.csproj", "{A5088C39-9CB2-457E-98E9-9CF5D5221DDF}"
EndProject
Global
	GlobalSection(SolutionConfigurationPlatforms) = preSolution
		Debug|Any CPU = Debug|Any CPU
		Release|Any CPU = Release|Any CPU
	EndGlobalSection
	GlobalSection(ProjectConfigurationPlatforms) = postSolution
		{7491C3D4-22F5-4528-90A0-2414C418610E}.Debug|Any CPU.ActiveCfg = Debug|Any CPU
		{7491C3D4-22F5-4528-90A0-2414C418610E}.Debug|Any CPU.Build.0 = Debug|Any CPU
		{7491C3D4-22F5-4528-90A0-2414C418610E}.Release|Any CPU.ActiveCfg = Release|Any CPU
		{7491C3D4-22F5-4528-90A0-2414C418610E}.Release|Any CPU.Build.0 = Release|Any CPU
		{F1BA1958-C6BA-4519-95BD-65254B791A7E}.Debug|Any CPU.ActiveCfg = Debug|Any CPU
		{F1BA1958-C6BA-4519-95BD-65254B791A7E}.Debug|Any CPU.Build.0 = Debug|Any CPU
		{F1BA1958-C6BA-4519-95BD-65254B791A7E}.Release|Any CPU.ActiveCfg = Release|Any CPU
		{F1BA1958-C6BA-4519-95BD-65254B791A7E}.Release|Any CPU.Build.0 = Release|Any CPU
		{A5088C39-9CB2-457E-98E9-9CF5D5221DDF}.Debug|Any CPU.ActiveCfg = Debug|Any CPU
		{A5088C39-9CB2-457E-98E9-9CF5D5221DDF}.Debug|Any CPU.Build.0 = Debug|Any CPU
		{A5088C39-9CB2-457E-98E9-9CF5D5221DDF}.Release|Any CPU.ActiveCfg = Release|Any CPU
		{A5088C39-9CB2-457E-98E9-9CF5D5221DDF}.Release|Any CPU.Build.0 = Release|Any CPU
	EndGlobalSection
	GlobalSection(SolutionProperties) = preSolution
		HideSolutionNode = FALSE
	EndGlobalSection
	GlobalSection(ExtensibilityGlobals) = postSolution
		SolutionGuid = {17C805F6-EE1C-4678-A566-B5B86E7F7D7A}
	EndGlobalSection
EndGlobal
